{
  "name": "pi-extensions",
  "lockfileVersion": 3,
  "requires": true,
  "packages": {
    "": {
      "name": "pi-extensions",
      "dependencies": {
        "@amaster.ai/pi-shared": "0.1.9",
        "@amaster.ai/pi-task-scheduler": "0.1.9",
        "croner": "10.0.1"
      }
    },
    "node_modules/@amaster.ai/pi-shared": {
      "version": "0.1.9",
      "resolved": "https://registry.npmjs.org/@amaster.ai/pi-shared/-/pi-shared-0.1.9.tgz",
      "integrity": "sha512-XyR607UE8OS5k1CUVHLfqlWZzvjdRdZZ3LHkUO+LiUu3KfG+PKwnYZIyFUxXAy4SLbSueqViRVquT63dMEjLXg==",
      "license": "Apache-2.0"
    },
    "node_modules/@amaster.ai/pi-task-scheduler": {
      "version": "0.1.9",
      "resolved": "https://registry.npmjs.org/@amaster.ai/pi-task-scheduler/-/pi-task-scheduler-0.1.9.tgz",
      "integrity": "sha512-NQI/Df7xDVzTkK/Zo3GNKgvrBZsd9MhYE+K9gfDWs9DR+DSrBjpeUV2wh/T4bDohDePzaE/L31Lb1FkYyH2raw==",
      "license": "Apache-2.0",
      "dependencies": {
        "@amaster.ai/pi-shared": "0.1.9",
        "croner": "^10.0.1"
      },
      "peerDependencies": {
        "@earendil-works/pi-coding-agent": ">=0.79.1",
        "typebox": "*"
      },
      "peerDependenciesMeta": {
        "@earendil-works/pi-coding-agent": {
          "optional": true
        },
        "typebox": {
          "optional": true
        }
      }
    },
    "node_modules/croner": {
      "version": "10.0.1",
      "resolved": "https://registry.npmjs.org/croner/-/croner-10.0.1.tgz",
      "integrity": "sha512-ixNtAJndqh173VQ4KodSdJEI6nuioBWI0V1ITNKhZZsO0pEMoDxz539T4FTTbSZ/xIOSuDnzxLVRqBVSvPNE2g==",
      "funding": [
        {
          "type": "other",
          "url": "https://paypal.me/hexagonpp"
        },
        {
          "type": "github",
          "url": "https://github.com/sponsors/hexagon"
        }
      ],
      "license": "MIT",
      "engines": {
        "node": ">=18.0"
      }
    }
  }
}
